
Microsoft Visual Studio Solution File, Format Version 11.00
# Visual Studio 2010
Project("{FAE04EC0-301F-11D3-BF4B-00C04F79EFBC}") = "Assembly-CSharp", "Assembly-CSharp.csproj", "{4a6bfe3a-1cde-bb62-67b5-e1a38103d14c}"
EndProject
Project("{FAE04EC0-301F-11D3-BF4B-00C04F79EFBC}") = "Assembly-CSharp-Editor", "Assembly-CSharp-Editor.csproj", "{00817444-d6be-00ae-b155-a0b1de356fbe}"
EndProject
Global
	GlobalSection(SolutionConfigurationPlatforms) = preSolution
		Debug|Any CPU = Debug|Any CPU
	EndGlobalSection
	GlobalSection(ProjectConfigurationPlatforms) = postSolution
		{4a6bfe3a-1cde-bb62-67b5-e1a38103d14c}.Debug|Any CPU.ActiveCfg = Debug|Any CPU
		{4a6bfe3a-1cde-bb62-67b5-e1a38103d14c}.Debug|Any CPU.Build.0 = Debug|Any CPU
		{00817444-d6be-00ae-b155-a0b1de356fbe}.Debug|Any CPU.ActiveCfg = Debug|Any CPU
		{00817444-d6be-00ae-b155-a0b1de356fbe}.Debug|Any CPU.Build.0 = Debug|Any CPU
	EndGlobalSection
	GlobalSection(SolutionProperties) = preSolution
		HideSolutionNode = FALSE
	EndGlobalSection
EndGlobal
